// !$*UTF8*$!
{
	archiveVersion = 1;
	classes = {
	};
	objectVersion = 46;
	objects = {

/* Begin PBXBuildFile section */
		6BD35EF01EAFABFE007787C5 /* AppDelegate.swift in Sources */ = {isa = PBXBuildFile; fileRef = 6BD35EEF1EAFABFE007787C5 /* AppDelegate.swift */; };
		6BD35EF51EAFABFE007787C5 /* Main.storyboard in Resources */ = {isa = PBXBuildFile; fileRef = 6BD35EF31EAFABFE007787C5 /* Main.storyboard */; };
		6BD35EF71EAFABFE007787C5 /* Assets.xcassets in Resources */ = {isa = PBXBuildFile; fileRef = 6BD35EF61EAFABFE007787C5 /* Assets.xcassets */; };
		6BD35EFA1EAFABFE007787C5 /* LaunchScreen.storyboard in Resources */ = {isa = PBXBuildFile; fileRef = 6BD35EF81EAFABFE007787C5 /* LaunchScreen.storyboard */; };
		6BD35F061EAFADAC007787C5 /* CloudKit.framework in Frameworks */ = {isa = PBXBuildFile; fileRef = 6BD35F051EAFADAC007787C5 /* CloudKit.framework */; };
		6BD35F091EAFB0DB007787C5 /* PostListTableViewController.swift in Sources */ = {isa = PBXBuildFile; fileRef = 6BD35F081EAFB0DB007787C5 /* PostListTableViewController.swift */; };
		6BD35F0D1EAFB205007787C5 /* Post.swift in Sources */ = {isa = PBXBuildFile; fileRef = 6BD35F0C1EAFB205007787C5 /* Post.swift */; };
		6BD35F101EAFB2AE007787C5 /* PostController.swift in Sources */ = {isa = PBXBuildFile; fileRef = 6BD35F0F1EAFB2AE007787C5 /* PostController.swift */; };
		6BD35F131EAFB367007787C5 /* CloudKitManager.swift in Sources */ = {isa = PBXBuildFile; fileRef = 6BD35F121EAFB367007787C5 /* CloudKitManager.swift */; };
		6BD35F151EAFBCBC007787C5 /* Post+CloudKit.swift in Sources */ = {isa = PBXBuildFile; fileRef = 6BD35F141EAFBCBC007787C5 /* Post+CloudKit.swift */; };
/* End PBXBuildFile section */

/* Begin PBXFileReference section */
		6BD35EEC1EAFABFE007787C5 /* BulletinBoard2.app */ = {isa = PBXFileReference; explicitFileType = wrapper.application; includeInIndex = 0; path = BulletinBoard2.app; sourceTree = BUILT_PRODUCTS_DIR; };
		6BD35EEF1EAFABFE007787C5 /* AppDelegate.swift */ = {isa = PBXFileReference; lastKnownFileType = sourcecode.swift; path = AppDelegate.swift; sourceTree = "<group>"; };
		6BD35EF41EAFABFE007787C5 /* Base */ = {isa = PBXFileReference; lastKnownFileType = file.storyboard; name = Base; path = Base.lproj/Main.storyboard; sourceTree = "<group>"; };
		6BD35EF61EAFABFE007787C5 /* Assets.xcassets */ = {isa = PBXFileReference; lastKnownFileType = folder.assetcatalog; path = Assets.xcassets; sourceTree = "<group>"; };
		6BD35EF91EAFABFE007787C5 /* Base */ = {isa = PBXFileReference; lastKnownFileType = file.storyboard; name = Base; path = Base.lproj/LaunchScreen.storyboard; sourceTree = "<group>"; };
		6BD35EFB1EAFABFE007787C5 /* Info.plist */ = {isa = PBXFileReference; lastKnownFileType = text.plist.xml; path = Info.plist; sourceTree = "<group>"; };
		6BD35F031EAFADA8007787C5 /* BulletinBoard2.entitlements */ = {isa = PBXFileReference; lastKnownFileType = text.plist.entitlements; path = BulletinBoard2.entitlements; sourceTree = "<group>"; };
		6BD35F051EAFADAC007787C5 /* CloudKit.framework */ = {isa = PBXFileReference; lastKnownFileType = wrapper.framework; name = CloudKit.framework; path = System/Library/Frameworks/CloudKit.framework; sourceTree = SDKROOT; };
		6BD35F081EAFB0DB007787C5 /* PostListTableViewController.swift */ = {isa = PBXFileReference; fileEncoding = 4; lastKnownFileType = sourcecode.swift; path = PostListTableViewController.swift; sourceTree = "<group>"; };
		6BD35F0C1EAFB205007787C5 /* Post.swift */ = {isa = PBXFileReference; fileEncoding = 4; lastKnownFileType = sourcecode.swift; path = Post.swift; sourceTree = "<group>"; };
		6BD35F0F1EAFB2AE007787C5 /* PostController.swift */ = {isa = PBXFileReference; fileEncoding = 4; lastKnownFileType = sourcecode.swift; path = PostController.swift; sourceTree = "<group>"; };
		6BD35F121EAFB367007787C5 /* CloudKitManager.swift */ = {isa = PBXFileReference; fileEncoding = 4; lastKnownFileType = sourcecode.swift; path = CloudKitManager.swift; sourceTree = "<group>"; };
		6BD35F141EAFBCBC007787C5 /* Post+CloudKit.swift */ = {isa = PBXFileReference; fileEncoding = 4; lastKnownFileType = sourcecode.swift; path = "Post+CloudKit.swift"; sourceTree = "<group>"; };
/* End PBXFileReference section */

/* Begin PBXFrameworksBuildPhase section */
		6BD35EE91EAFABFE007787C5 /* Frameworks */ = {
			isa = PBXFrameworksBuildPhase;
			buildActionMask = 2147483647;
			files = (
				6BD35F061EAFADAC007787C5 /* CloudKit.framework in Frameworks */,
			);
			runOnlyForDeploymentPostprocessing = 0;
		};
/* End PBXFrameworksBuildPhase section */

/* Begin PBXGroup section */
		6BD35EE31EAFABFE007787C5 = {
			isa = PBXGroup;
			children = (
				6BD35EEE1EAFABFE007787C5 /* BulletinBoard2 */,
				6BD35EED1EAFABFE007787C5 /* Products */,
				6BD35F041EAFADAC007787C5 /* Frameworks */,
			);
			sourceTree = "<group>";
		};
		6BD35EED1EAFABFE007787C5 /* Products */ = {
			isa = PBXGroup;
			children = (
				6BD35EEC1EAFABFE007787C5 /* BulletinBoard2.app */,
			);
			name = Products;
			sourceTree = "<group>";
		};
		6BD35EEE1EAFABFE007787C5 /* BulletinBoard2 */ = {
			isa = PBXGroup;
			children = (
				6BD35F031EAFADA8007787C5 /* BulletinBoard2.entitlements */,
				6BD35EEF1EAFABFE007787C5 /* AppDelegate.swift */,
				6BD35F111EAFB323007787C5 /* CloudKit */,
				6BD35F0B1EAFB1D0007787C5 /* ModelControllers */,
				6BD35F0A1EAFB1C4007787C5 /* Models */,
				6BD35F071EAFB0C1007787C5 /* ViewControllers */,
				6BD35F021EAFAC29007787C5 /* Storyboards */,
				6BD35F011EAFAC08007787C5 /* Resources */,
			);
			path = BulletinBoard2;
			sourceTree = "<group>";
		};
		6BD35F011EAFAC08007787C5 /* Resources */ = {
			isa = PBXGroup;
			children = (
				6BD35EF61EAFABFE007787C5 /* Assets.xcassets */,
				6BD35EF81EAFABFE007787C5 /* LaunchScreen.storyboard */,
				6BD35EFB1EAFABFE007787C5 /* Info.plist */,
			);
			name = Resources;
			sourceTree = "<group>";
		};
		6BD35F021EAFAC29007787C5 /* Storyboards */ = {
			isa = PBXGroup;
			children = (
				6BD35EF31EAFABFE007787C5 /* Main.storyboard */,
			);
			name = Storyboards;
			sourceTree = "<group>";
		};
		6BD35F041EAFADAC007787C5 /* Frameworks */ = {
			isa = PBXGroup;
			children = (
				6BD35F051EAFADAC007787C5 /* CloudKit.framework */,
			);
			name = Frameworks;
			sourceTree = "<group>";
		};
		6BD35F071EAFB0C1007787C5 /* ViewControllers */ = {
			isa = PBXGroup;
			children = (
				6BD35F081EAFB0DB007787C5 /* PostListTableViewController.swift */,
			);
			name = ViewControllers;
			sourceTree = "<group>";
		};
		6BD35F0A1EAFB1C4007787C5 /* Models */ = {
			isa = PBXGroup;
			children = (
				6BD35F0C1EAFB205007787C5 /* Post.swift */,
				6BD35F141EAFBCBC007787C5 /* Post+CloudKit.swift */,
			);
			name = Models;
			sourceTree = "<group>";
		};
		6BD35F0B1EAFB1D0007787C5 /* ModelControllers */ = {
			isa = PBXGroup;
			children = (
				6BD35F0F1EAFB2AE007787C5 /* PostController.swift */,
			);
			name = ModelControllers;
			sourceTree = "<group>";
		};
		6BD35F111EAFB323007787C5 /* CloudKit */ = {
			isa = PBXGroup;
			children = (
				6BD35F121EAFB367007787C5 /* CloudKitManager.swift */,
			);
			name = CloudKit;
			sourceTree = "<group>";
		};
/* End PBXGroup section */

/* Begin PBXNativeTarget section */
		6BD35EEB1EAFABFE007787C5 /* BulletinBoard2 */ = {
			isa = PBXNativeTarget;
			buildConfigurationList = 6BD35EFE1EAFABFE007787C5 /* Build configuration list for PBXNativeTarget "BulletinBoard2" */;
			buildPhases = (
				6BD35EE81EAFABFE007787C5 /* Sources */,
				6BD35EE91EAFABFE007787C5 /* Frameworks */,
				6BD35EEA1EAFABFE007787C5 /* Resources */,
			);
			buildRules = (
			);
			dependencies = (
			);
			name = BulletinBoard2;
			productName = BulletinBoard2;
			productReference = 6BD35EEC1EAFABFE007787C5 /* BulletinBoard2.app */;
			productType = "com.apple.product-type.application";
		};
/* End PBXNativeTarget section */

/* Begin PBXProject section */
		6BD35EE41EAFABFE007787C5 /* Project object */ = {
			isa = PBXProject;
			attributes = {
				LastSwiftUpdateCheck = 0830;
				LastUpgradeCheck = 0830;
				ORGANIZATIONNAME = "Bradley Gilmore";
				TargetAttributes = {
					6BD35EEB1EAFABFE007787C5 = {
						CreatedOnToolsVersion = 8.3.2;
						DevelopmentTeam = N8EMAYLL43;
						ProvisioningStyle = Automatic;
						SystemCapabilities = {
							com.apple.Push = {
								enabled = 1;
							};
							com.apple.iCloud = {
								enabled = 1;
							};
						};
					};
				};
			};
			buildConfigurationList = 6BD35EE71EAFABFE007787C5 /* Build configuration list for PBXProject "BulletinBoard2" */;
			compatibilityVersion = "Xcode 3.2";
			developmentRegion = English;
			hasScannedForEncodings = 0;
			knownRegions = (
				en,
				Base,
			);
			mainGroup = 6BD35EE31EAFABFE007787C5;
			productRefGroup = 6BD35EED1EAFABFE007787C5 /* Products */;
			projectDirPath = "";
			projectRoot = "";
			targets = (
				6BD35EEB1EAFABFE007787C5 /* BulletinBoard2 */,
			);
		};
/* End PBXProject section */

/* Begin PBXResourcesBuildPhase section */
		6BD35EEA1EAFABFE007787C5 /* Resources */ = {
			isa = PBXResourcesBuildPhase;
			buildActionMask = 2147483647;
			files = (
				6BD35EFA1EAFABFE007787C5 /* LaunchScreen.storyboard in Resources */,
				6BD35EF71EAFABFE007787C5 /* Assets.xcassets in Resources */,
				6BD35EF51EAFABFE007787C5 /* Main.storyboard in Resources */,
			);
			runOnlyForDeploymentPostprocessing = 0;
		};
/* End PBXResourcesBuildPhase section */

/* Begin PBXSourcesBuildPhase section */
		6BD35EE81EAFABFE007787C5 /* Sources */ = {
			isa = PBXSourcesBuildPhase;
			buildActionMask = 2147483647;
			files = (
				6BD35F0D1EAFB205007787C5 /* Post.swift in Sources */,
				6BD35F101EAFB2AE007787C5 /* PostController.swift in Sources */,
				6BD35F151EAFBCBC007787C5 /* Post+CloudKit.swift in Sources */,
				6BD35EF01EAFABFE007787C5 /* AppDelegate.swift in Sources */,
				6BD35F091EAFB0DB007787C5 /* PostListTableViewController.swift in Sources */,
				6BD35F131EAFB367007787C5 /* CloudKitManager.swift in Sources */,
			);
			runOnlyForDeploymentPostprocessing = 0;
		};
/* End PBXSourcesBuildPhase section */

/* Begin PBXVariantGroup section */
		6BD35EF31EAFABFE007787C5 /* Main.storyboard */ = {
			isa = PBXVariantGroup;
			children = (
				6BD35EF41EAFABFE007787C5 /* Base */,
			);
			name = Main.storyboard;
			sourceTree = "<group>";
		};
		6BD35EF81EAFABFE007787C5 /* LaunchScreen.storyboard */ = {
			isa = PBXVariantGroup;
			children = (
				6BD35EF91EAFABFE007787C5 /* Base */,
			);
			name = LaunchScreen.storyboard;
			sourceTree = "<group>";
		};
/* End PBXVariantGroup section */

/* Begin XCBuildConfiguration section */
		6BD35EFC1EAFABFE007787C5 /* Debug */ = {
			isa = XCBuildConfiguration;
			buildSettings = {
				ALWAYS_SEARCH_USER_PATHS = NO;
				CLANG_ANALYZER_NONNULL = YES;
				CLANG_ANALYZER_NUMBER_OBJECT_CONVERSION = YES_AGGRESSIVE;
				CLANG_CXX_LANGUAGE_STANDARD = "gnu++0x";
				CLANG_CXX_LIBRARY = "libc++";
				CLANG_ENABLE_MODULES = YES;
				CLANG_ENABLE_OBJC_ARC = YES;
				CLANG_WARN_BOOL_CONVERSION = YES;
				CLANG_WARN_CONSTANT_CONVERSION = YES;
				CLANG_WARN_DIRECT_OBJC_ISA_USAGE = YES_ERROR;
				CLANG_WARN_DOCUMENTATION_COMMENTS = YES;
				CLANG_WARN_EMPTY_BODY = YES;
				CLANG_WARN_ENUM_CONVERSION = YES;
				CLANG_WARN_INFINITE_RECURSION = YES;
				CLANG_WARN_INT_CONVERSION = YES;
				CLANG_WARN_OBJC_ROOT_CLASS = YES_ERROR;
				CLANG_WARN_SUSPICIOUS_MOVE = YES;
				CLANG_WARN_UNREACHABLE_CODE = YES;
				CLANG_WARN__DUPLICATE_METHOD_MATCH = YES;
				"CODE_SIGN_IDENTITY[sdk=iphoneos*]" = "iPhone Developer";
				COPY_PHASE_STRIP = NO;
				DEBUG_INFORMATION_FORMAT = dwarf;
				ENABLE_STRICT_OBJC_MSGSEND = YES;
				ENABLE_TESTABILITY = YES;
				GCC_C_LANGUAGE_STANDARD = gnu99;
				GCC_DYNAMIC_NO_PIC = NO;
				GCC_NO_COMMON_BLOCKS = YES;
				GCC_OPTIMIZATION_LEVEL = 0;
				GCC_PREPROCESSOR_DEFINITIONS = (
					"DEBUG=1",
					"$(inherited)",
				);
				GCC_WARN_64_TO_32_BIT_CONVERSION = YES;
				GCC_WARN_ABOUT_RETURN_TYPE = YES_ERROR;
				GCC_WARN_UNDECLARED_SELECTOR = YES;
				GCC_WARN_UNINITIALIZED_AUTOS = YES_AGGRESSIVE;
				GCC_WARN_UNUSED_FUNCTION = YES;
				GCC_WARN_UNUSED_VARIABLE = YES;
				IPHONEOS_DEPLOYMENT_TARGET = 10.3;
				MTL_ENABLE_DEBUG_INFO = YES;
				ONLY_ACTIVE_ARCH = YES;
				SDKROOT = iphoneos;
				SWIFT_ACTIVE_COMPILATION_CONDITIONS = DEBUG;
				SWIFT_OPTIMIZATION_LEVEL = "-Onone";
			};
			name = Debug;
		};
		6BD35EFD1EAFABFE007787C5 /* Release */ = {
			isa = XCBuildConfiguration;
			buildSettings = {
				ALWAYS_SEARCH_USER_PATHS = NO;
				CLANG_ANALYZER_NONNULL = YES;
				CLANG_ANALYZER_NUMBER_OBJECT_CONVERSION = YES_AGGRESSIVE;
				CLANG_CXX_LANGUAGE_STANDARD = "gnu++0x";
				CLANG_CXX_LIBRARY = "libc++";
				CLANG_ENABLE_MODULES = YES;
				CLANG_ENABLE_OBJC_ARC = YES;
				CLANG_WARN_BOOL_CONVERSION = YES;
				CLANG_WARN_CONSTANT_CONVERSION = YES;
				CLANG_WARN_DIRECT_OBJC_ISA_USAGE = YES_ERROR;
				CLANG_WARN_DOCUMENTATION_COMMENTS = YES;
				CLANG_WARN_EMPTY_BODY = YES;
				CLANG_WARN_ENUM_CONVERSION = YES;
				CLANG_WARN_INFINITE_RECURSION = YES;
				CLANG_WARN_INT_CONVERSION = YES;
				CLANG_WARN_OBJC_ROOT_CLASS = YES_ERROR;
				CLANG_WARN_SUSPICIOUS_MOVE = YES;
				CLANG_WARN_UNREACHABLE_CODE = YES;
				CLANG_WARN__DUPLICATE_METHOD_MATCH = YES;
				"CODE_SIGN_IDENTITY[sdk=iphoneos*]" = "iPhone Developer";
				COPY_PHASE_STRIP = NO;
				DEBUG_INFORMATION_FORMAT = "dwarf-with-dsym";
				ENABLE_NS_ASSERTIONS = NO;
				ENABLE_STRICT_OBJC_MSGSEND = YES;
				GCC_C_LANGUAGE_STANDARD = gnu99;
				GCC_NO_COMMON_BLOCKS = YES;
				GCC_WARN_64_TO_32_BIT_CONVERSION = YES;
				GCC_WARN_ABOUT_RETURN_TYPE = YES_ERROR;
				GCC_WARN_UNDECLARED_SELECTOR = YES;
				GCC_WARN_UNINITIALIZED_AUTOS = YES_AGGRESSIVE;
				GCC_WARN_UNUSED_FUNCTION = YES;
				GCC_WARN_UNUSED_VARIABLE = YES;
				IPHONEOS_DEPLOYMENT_TARGET = 10.3;
				MTL_ENABLE_DEBUG_INFO = NO;
				SDKROOT = iphoneos;
				SWIFT_OPTIMIZATION_LEVEL = "-Owholemodule";
				VALIDATE_PRODUCT = YES;
			};
			name = Release;
		};
		6BD35EFF1EAFABFE007787C5 /* Debug */ = {
			isa = XCBuildConfiguration;
			buildSettings = {
				ASSETCATALOG_COMPILER_APPICON_NAME = AppIcon;
				CODE_SIGN_ENTITLEMENTS = BulletinBoard2/BulletinBoard2.entitlements;
				DEVELOPMENT_TEAM = N8EMAYLL43;
				INFOPLIST_FILE = BulletinBoard2/Info.plist;
				LD_RUNPATH_SEARCH_PATHS = "$(inherited) @executable_path/Frameworks";
				PRODUCT_BUNDLE_IDENTIFIER = com.bradleygilmore.BulletinBoard2;
				PRODUCT_NAME = "$(TARGET_NAME)";
				SWIFT_VERSION = 3.0;
			};
			name = Debug;
		};
		6BD35F001EAFABFE007787C5 /* Release */ = {
			isa = XCBuildConfiguration;
			buildSettings = {
				ASSETCATALOG_COMPILER_APPICON_NAME = AppIcon;
				CODE_SIGN_ENTITLEMENTS = BulletinBoard2/BulletinBoard2.entitlements;
				DEVELOPMENT_TEAM = N8EMAYLL43;
				INFOPLIST_FILE = BulletinBoard2/Info.plist;
				LD_RUNPATH_SEARCH_PATHS = "$(inherited) @executable_path/Frameworks";
				PRODUCT_BUNDLE_IDENTIFIER = com.bradleygilmore.BulletinBoard2;
				PRODUCT_NAME = "$(TARGET_NAME)";
				SWIFT_VERSION = 3.0;
			};
			name = Release;
		};
/* End XCBuildConfiguration section */

/* Begin XCConfigurationList section */
		6BD35EE71EAFABFE007787C5 /* Build configuration list for PBXProject "BulletinBoard2" */ = {
			isa = XCConfigurationList;
			buildConfigurations = (
				6BD35EFC1EAFABFE007787C5 /* Debug */,
				6BD35EFD1EAFABFE007787C5 /* Release */,
			);
			defaultConfigurationIsVisible = 0;
			defaultConfigurationName = Release;
		};
		6BD35EFE1EAFABFE007787C5 /* Build configuration list for PBXNativeTarget "BulletinBoard2" */ = {
			isa = XCConfigurationList;
			buildConfigurations = (
				6BD35EFF1EAFABFE007787C5 /* Debug */,
				6BD35F001EAFABFE007787C5 /* Release */,
			);
			defaultConfigurationIsVisible = 0;
		};
/* End XCConfigurationList section */
	};
	rootObject = 6BD35EE41EAFABFE007787C5 /* Project object */;
}
